
Microsoft Visual Studio Solution File, Format Version 12.00
# Visual Studio Version 17
VisualStudioVersion = 17.13.35825.156 d17.13
MinimumVisualStudioVersion = 10.0.40219.1
Project("{FAE04EC0-301F-11D3-BF4B-00C04F79EFBC}") = "TASK LEC4", "TASK LEC4\TASK LEC4.csproj", "{2938FBAD-92E5-4DF2-9BB4-E4EC41D944A5}"
EndProject
Global
	GlobalSection(SolutionConfigurationPlatforms) = preSolution
		Debug|Any CPU = Debug|Any CPU
		Release|Any CPU = Release|Any CPU
	EndGlobalSection
	GlobalSection(ProjectConfigurationPlatforms) = postSolution
		{2938FBAD-92E5-4DF2-9BB4-E4EC41D944A5}.Debug|Any CPU.ActiveCfg = Debug|Any CPU
		{2938FBAD-92E5-4DF2-9BB4-E4EC41D944A5}.Debug|Any CPU.Build.0 = Debug|Any CPU
		{2938FBAD-92E5-4DF2-9BB4-E4EC41D944A5}.Release|Any CPU.ActiveCfg = Release|Any CPU
		{2938FBAD-92E5-4DF2-9BB4-E4EC41D944A5}.Release|Any CPU.Build.0 = Release|Any CPU
	EndGlobalSection
	GlobalSection(SolutionProperties) = preSolution
		HideSolutionNode = FALSE
	EndGlobalSection
	GlobalSection(ExtensibilityGlobals) = postSolution
		SolutionGuid = {F41DF3C2-5428-4CA2-9CC1-12DAAA4ED69C}
	EndGlobalSection
EndGlobal
